// !$*UTF8*$!
{
	archiveVersion = 1;
	classes = {
	};
	objectVersion = 46;
	objects = {

/* Begin PBXBuildFile section */
		1470E05919B0E32A00510B4B /* Foundation.framework in Frameworks */ = {isa = PBXBuildFile; fileRef = 1470E05819B0E32A00510B4B /* Foundation.framework */; };
		1470E05B19B0E32A00510B4B /* CoreGraphics.framework in Frameworks */ = {isa = PBXBuildFile; fileRef = 1470E05A19B0E32A00510B4B /* CoreGraphics.framework */; };
		1470E05D19B0E32A00510B4B /* UIKit.framework in Frameworks */ = {isa = PBXBuildFile; fileRef = 1470E05C19B0E32A00510B4B /* UIKit.framework */; };
		1470E06319B0E32A00510B4B /* InfoPlist.strings in Resources */ = {isa = PBXBuildFile; fileRef = 1470E06119B0E32A00510B4B /* InfoPlist.strings */; };
		1470E06519B0E32A00510B4B /* main.m in Sources */ = {isa = PBXBuildFile; fileRef = 1470E06419B0E32A00510B4B /* main.m */; };
		1470E06919B0E32A00510B4B /* MYAppDelegate.m in Sources */ = {isa = PBXBuildFile; fileRef = 1470E06819B0E32A00510B4B /* MYAppDelegate.m */; };
		1470E06B19B0E32A00510B4B /* Images.xcassets in Resources */ = {isa = PBXBuildFile; fileRef = 1470E06A19B0E32A00510B4B /* Images.xcassets */; };
		1470E07219B0E32A00510B4B /* XCTest.framework in Frameworks */ = {isa = PBXBuildFile; fileRef = 1470E07119B0E32A00510B4B /* XCTest.framework */; };
		1470E07319B0E32A00510B4B /* Foundation.framework in Frameworks */ = {isa = PBXBuildFile; fileRef = 1470E05819B0E32A00510B4B /* Foundation.framework */; };
		1470E07419B0E32A00510B4B /* UIKit.framework in Frameworks */ = {isa = PBXBuildFile; fileRef = 1470E05C19B0E32A00510B4B /* UIKit.framework */; };
		1470E07C19B0E32A00510B4B /* InfoPlist.strings in Resources */ = {isa = PBXBuildFile; fileRef = 1470E07A19B0E32A00510B4B /* InfoPlist.strings */; };
		1470E07E19B0E32A00510B4B /* FullScreenStudyTests.m in Sources */ = {isa = PBXBuildFile; fileRef = 1470E07D19B0E32A00510B4B /* FullScreenStudyTests.m */; };
		1470E08919B0E35B00510B4B /* MYViewController.m in Sources */ = {isa = PBXBuildFile; fileRef = 1470E08819B0E35B00510B4B /* MYViewController.m */; };
		1470E08B19B0E36D00510B4B /* Storyboard.storyboard in Resources */ = {isa = PBXBuildFile; fileRef = 1470E08A19B0E36D00510B4B /* Storyboard.storyboard */; };
/* End PBXBuildFile section */

/* Begin PBXContainerItemProxy section */
		1470E07519B0E32A00510B4B /* PBXContainerItemProxy */ = {
			isa = PBXContainerItemProxy;
			containerPortal = 1470E04D19B0E32A00510B4B /* Project object */;
			proxyType = 1;
			remoteGlobalIDString = 1470E05419B0E32A00510B4B;
			remoteInfo = FullScreenStudy;
		};
/* End PBXContainerItemProxy section */

/* Begin PBXFileReference section */
		1470E05519B0E32A00510B4B /* FullScreenStudy.app */ = {isa = PBXFileReference; explicitFileType = wrapper.application; includeInIndex = 0; path = FullScreenStudy.app; sourceTree = BUILT_PRODUCTS_DIR; };
		1470E05819B0E32A00510B4B /* Foundation.framework */ = {isa = PBXFileReference; lastKnownFileType = wrapper.framework; name = Foundation.framework; path = System/Library/Frameworks/Foundation.framework; sourceTree = SDKROOT; };
		1470E05A19B0E32A00510B4B /* CoreGraphics.framework */ = {isa = PBXFileReference; lastKnownFileType = wrapper.framework; name = CoreGraphics.framework; path = System/Library/Frameworks/CoreGraphics.framework; sourceTree = SDKROOT; };
		1470E05C19B0E32A00510B4B /* UIKit.framework */ = {isa = PBXFileReference; lastKnownFileType = wrapper.framework; name = UIKit.framework; path = System/Library/Frameworks/UIKit.framework; sourceTree = SDKROOT; };
		1470E06019B0E32A00510B4B /* FullScreenStudy-Info.plist */ = {isa = PBXFileReference; lastKnownFileType = text.plist.xml; path = "FullScreenStudy-Info.plist"; sourceTree = "<group>"; };
		1470E06219B0E32A00510B4B /* en */ = {isa = PBXFileReference; lastKnownFileType = text.plist.strings; name = en; path = en.lproj/InfoPlist.strings; sourceTree = "<group>"; };
		1470E06419B0E32A00510B4B /* main.m */ = {isa = PBXFileReference; lastKnownFileType = sourcecode.c.objc; path = main.m; sourceTree = "<group>"; };
		1470E06619B0E32A00510B4B /* FullScreenStudy-Prefix.pch */ = {isa = PBXFileReference; lastKnownFileType = sourcecode.c.h; path = "FullScreenStudy-Prefix.pch"; sourceTree = "<group>"; };
		1470E06719B0E32A00510B4B /* MYAppDelegate.h */ = {isa = PBXFileReference; lastKnownFileType = sourcecode.c.h; path = MYAppDelegate.h; sourceTree = "<group>"; };
		1470E06819B0E32A00510B4B /* MYAppDelegate.m */ = {isa = PBXFileReference; lastKnownFileType = sourcecode.c.objc; path = MYAppDelegate.m; sourceTree = "<group>"; };
		1470E06A19B0E32A00510B4B /* Images.xcassets */ = {isa = PBXFileReference; lastKnownFileType = folder.assetcatalog; path = Images.xcassets; sourceTree = "<group>"; };
		1470E07019B0E32A00510B4B /* FullScreenStudyTests.xctest */ = {isa = PBXFileReference; explicitFileType = wrapper.cfbundle; includeInIndex = 0; path = FullScreenStudyTests.xctest; sourceTree = BUILT_PRODUCTS_DIR; };
		1470E07119B0E32A00510B4B /* XCTest.framework */ = {isa = PBXFileReference; lastKnownFileType = wrapper.framework; name = XCTest.framework; path = Library/Frameworks/XCTest.framework; sourceTree = DEVELOPER_DIR; };
		1470E07919B0E32A00510B4B /* FullScreenStudyTests-Info.plist */ = {isa = PBXFileReference; lastKnownFileType = text.plist.xml; path = "FullScreenStudyTests-Info.plist"; sourceTree = "<group>"; };
		1470E07B19B0E32A00510B4B /* en */ = {isa = PBXFileReference; lastKnownFileType = text.plist.strings; name = en; path = en.lproj/InfoPlist.strings; sourceTree = "<group>"; };
		1470E07D19B0E32A00510B4B /* FullScreenStudyTests.m */ = {isa = PBXFileReference; lastKnownFileType = sourcecode.c.objc; path = FullScreenStudyTests.m; sourceTree = "<group>"; };
		1470E08719B0E35B00510B4B /* MYViewController.h */ = {isa = PBXFileReference; fileEncoding = 4; lastKnownFileType = sourcecode.c.h; path = MYViewController.h; sourceTree = "<group>"; };
		1470E08819B0E35B00510B4B /* MYViewController.m */ = {isa = PBXFileReference; fileEncoding = 4; lastKnownFileType = sourcecode.c.objc; path = MYViewController.m; sourceTree = "<group>"; };
		1470E08A19B0E36D00510B4B /* Storyboard.storyboard */ = {isa = PBXFileReference; fileEncoding = 4; lastKnownFileType = file.storyboard; path = Storyboard.storyboard; sourceTree = "<group>"; };
/* End PBXFileReference section */

/* Begin PBXFrameworksBuildPhase section */
		1470E05219B0E32A00510B4B /* Frameworks */ = {
			isa = PBXFrameworksBuildPhase;
			buildActionMask = 2147483647;
			files = (
				1470E05B19B0E32A00510B4B /* CoreGraphics.framework in Frameworks */,
				1470E05D19B0E32A00510B4B /* UIKit.framework in Frameworks */,
				1470E05919B0E32A00510B4B /* Foundation.framework in Frameworks */,
			);
			runOnlyForDeploymentPostprocessing = 0;
		};
		1470E06D19B0E32A00510B4B /* Frameworks */ = {
			isa = PBXFrameworksBuildPhase;
			buildActionMask = 2147483647;
			files = (
				1470E07219B0E32A00510B4B /* XCTest.framework in Frameworks */,
				1470E07419B0E32A00510B4B /* UIKit.framework in Frameworks */,
				1470E07319B0E32A00510B4B /* Foundation.framework in Frameworks */,
			);
			runOnlyForDeploymentPostprocessing = 0;
		};
/* End PBXFrameworksBuildPhase section */

/* Begin PBXGroup section */
		1470E04C19B0E32A00510B4B = {
			isa = PBXGroup;
			children = (
				1470E05E19B0E32A00510B4B /* FullScreenStudy */,
				1470E07719B0E32A00510B4B /* FullScreenStudyTests */,
				1470E05719B0E32A00510B4B /* Frameworks */,
				1470E05619B0E32A00510B4B /* Products */,
			);
			sourceTree = "<group>";
		};
		1470E05619B0E32A00510B4B /* Products */ = {
			isa = PBXGroup;
			children = (
				1470E05519B0E32A00510B4B /* FullScreenStudy.app */,
				1470E07019B0E32A00510B4B /* FullScreenStudyTests.xctest */,
			);
			name = Products;
			sourceTree = "<group>";
		};
		1470E05719B0E32A00510B4B /* Frameworks */ = {
			isa = PBXGroup;
			children = (
				1470E05819B0E32A00510B4B /* Foundation.framework */,
				1470E05A19B0E32A00510B4B /* CoreGraphics.framework */,
				1470E05C19B0E32A00510B4B /* UIKit.framework */,
				1470E07119B0E32A00510B4B /* XCTest.framework */,
			);
			name = Frameworks;
			sourceTree = "<group>";
		};
		1470E05E19B0E32A00510B4B /* FullScreenStudy */ = {
			isa = PBXGroup;
			children = (
				1470E06719B0E32A00510B4B /* MYAppDelegate.h */,
				1470E06819B0E32A00510B4B /* MYAppDelegate.m */,
				1470E08719B0E35B00510B4B /* MYViewController.h */,
				1470E08819B0E35B00510B4B /* MYViewController.m */,
				1470E08A19B0E36D00510B4B /* Storyboard.storyboard */,
				1470E06A19B0E32A00510B4B /* Images.xcassets */,
				1470E05F19B0E32A00510B4B /* Supporting Files */,
			);
			path = FullScreenStudy;
			sourceTree = "<group>";
		};
		1470E05F19B0E32A00510B4B /* Supporting Files */ = {
			isa = PBXGroup;
			children = (
				1470E06019B0E32A00510B4B /* FullScreenStudy-Info.plist */,
				1470E06119B0E32A00510B4B /* InfoPlist.strings */,
				1470E06419B0E32A00510B4B /* main.m */,
				1470E06619B0E32A00510B4B /* FullScreenStudy-Prefix.pch */,
			);
			name = "Supporting Files";
			sourceTree = "<group>";
		};
		1470E07719B0E32A00510B4B /* FullScreenStudyTests */ = {
			isa = PBXGroup;
			children = (
				1470E07D19B0E32A00510B4B /* FullScreenStudyTests.m */,
				1470E07819B0E32A00510B4B /* Supporting Files */,
			);
			path = FullScreenStudyTests;
			sourceTree = "<group>";
		};
		1470E07819B0E32A00510B4B /* Supporting Files */ = {
			isa = PBXGroup;
			children = (
				1470E07919B0E32A00510B4B /* FullScreenStudyTests-Info.plist */,
				1470E07A19B0E32A00510B4B /* InfoPlist.strings */,
			);
			name = "Supporting Files";
			sourceTree = "<group>";
		};
/* End PBXGroup section */

/* Begin PBXNativeTarget section */
		1470E05419B0E32A00510B4B /* FullScreenStudy */ = {
			isa = PBXNativeTarget;
			buildConfigurationList = 1470E08119B0E32B00510B4B /* Build configuration list for PBXNativeTarget "FullScreenStudy" */;
			buildPhases = (
				1470E05119B0E32A00510B4B /* Sources */,
				1470E05219B0E32A00510B4B /* Frameworks */,
				1470E05319B0E32A00510B4B /* Resources */,
			);
			buildRules = (
			);
			dependencies = (
			);
			name = FullScreenStudy;
			productName = FullScreenStudy;
			productReference = 1470E05519B0E32A00510B4B /* FullScreenStudy.app */;
			productType = "com.apple.product-type.application";
		};
		1470E06F19B0E32A00510B4B /* FullScreenStudyTests */ = {
			isa = PBXNativeTarget;
			buildConfigurationList = 1470E08419B0E32B00510B4B /* Build configuration list for PBXNativeTarget "FullScreenStudyTests" */;
			buildPhases = (
				1470E06C19B0E32A00510B4B /* Sources */,
				1470E06D19B0E32A00510B4B /* Frameworks */,
				1470E06E19B0E32A00510B4B /* Resources */,
			);
			buildRules = (
			);
			dependencies = (
				1470E07619B0E32A00510B4B /* PBXTargetDependency */,
			);
			name = FullScreenStudyTests;
			productName = FullScreenStudyTests;
			productReference = 1470E07019B0E32A00510B4B /* FullScreenStudyTests.xctest */;
			productType = "com.apple.product-type.bundle.unit-test";
		};
/* End PBXNativeTarget section */

/* Begin PBXProject section */
		1470E04D19B0E32A00510B4B /* Project object */ = {
			isa = PBXProject;
			attributes = {
				CLASSPREFIX = MY;
				LastUpgradeCheck = 0510;
				ORGANIZATIONNAME = yad;
				TargetAttributes = {
					1470E06F19B0E32A00510B4B = {
						TestTargetID = 1470E05419B0E32A00510B4B;
					};
				};
			};
			buildConfigurationList = 1470E05019B0E32A00510B4B /* Build configuration list for PBXProject "FullScreenStudy" */;
			compatibilityVersion = "Xcode 3.2";
			developmentRegion = English;
			hasScannedForEncodings = 0;
			knownRegions = (
				en,
			);
			mainGroup = 1470E04C19B0E32A00510B4B;
			productRefGroup = 1470E05619B0E32A00510B4B /* Products */;
			projectDirPath = "";
			projectRoot = "";
			targets = (
				1470E05419B0E32A00510B4B /* FullScreenStudy */,
				1470E06F19B0E32A00510B4B /* FullScreenStudyTests */,
			);
		};
/* End PBXProject section */

/* Begin PBXResourcesBuildPhase section */
		1470E05319B0E32A00510B4B /* Resources */ = {
			isa = PBXResourcesBuildPhase;
			buildActionMask = 2147483647;
			files = (
				1470E06319B0E32A00510B4B /* InfoPlist.strings in Resources */,
				1470E06B19B0E32A00510B4B /* Images.xcassets in Resources */,
				1470E08B19B0E36D00510B4B /* Storyboard.storyboard in Resources */,
			);
			runOnlyForDeploymentPostprocessing = 0;
		};
		1470E06E19B0E32A00510B4B /* Resources */ = {
			isa = PBXResourcesBuildPhase;
			buildActionMask = 2147483647;
			files = (
				1470E07C19B0E32A00510B4B /* InfoPlist.strings in Resources */,
			);
			runOnlyForDeploymentPostprocessing = 0;
		};
/* End PBXResourcesBuildPhase section */

/* Begin PBXSourcesBuildPhase section */
		1470E05119B0E32A00510B4B /* Sources */ = {
			isa = PBXSourcesBuildPhase;
			buildActionMask = 2147483647;
			files = (
				1470E08919B0E35B00510B4B /* MYViewController.m in Sources */,
				1470E06919B0E32A00510B4B /* MYAppDelegate.m in Sources */,
				1470E06519B0E32A00510B4B /* main.m in Sources */,
			);
			runOnlyForDeploymentPostprocessing = 0;
		};
		1470E06C19B0E32A00510B4B /* Sources */ = {
			isa = PBXSourcesBuildPhase;
			buildActionMask = 2147483647;
			files = (
				1470E07E19B0E32A00510B4B /* FullScreenStudyTests.m in Sources */,
			);
			runOnlyForDeploymentPostprocessing = 0;
		};
/* End PBXSourcesBuildPhase section */

/* Begin PBXTargetDependency section */
		1470E07619B0E32A00510B4B /* PBXTargetDependency */ = {
			isa = PBXTargetDependency;
			target = 1470E05419B0E32A00510B4B /* FullScreenStudy */;
			targetProxy = 1470E07519B0E32A00510B4B /* PBXContainerItemProxy */;
		};
/* End PBXTargetDependency section */

/* Begin PBXVariantGroup section */
		1470E06119B0E32A00510B4B /* InfoPlist.strings */ = {
			isa = PBXVariantGroup;
			children = (
				1470E06219B0E32A00510B4B /* en */,
			);
			name = InfoPlist.strings;
			sourceTree = "<group>";
		};
		1470E07A19B0E32A00510B4B /* InfoPlist.strings */ = {
			isa = PBXVariantGroup;
			children = (
				1470E07B19B0E32A00510B4B /* en */,
			);
			name = InfoPlist.strings;
			sourceTree = "<group>";
		};
/* End PBXVariantGroup section */

/* Begin XCBuildConfiguration section */
		1470E07F19B0E32B00510B4B /* Debug */ = {
			isa = XCBuildConfiguration;
			buildSettings = {
				ALWAYS_SEARCH_USER_PATHS = NO;
				CLANG_CXX_LANGUAGE_STANDARD = "gnu++0x";
				CLANG_CXX_LIBRARY = "libc++";
				CLANG_ENABLE_MODULES = YES;
				CLANG_ENABLE_OBJC_ARC = YES;
				CLANG_WARN_BOOL_CONVERSION = YES;
				CLANG_WARN_CONSTANT_CONVERSION = YES;
				CLANG_WARN_DIRECT_OBJC_ISA_USAGE = YES_ERROR;
				CLANG_WARN_EMPTY_BODY = YES;
				CLANG_WARN_ENUM_CONVERSION = YES;
				CLANG_WARN_INT_CONVERSION = YES;
				CLANG_WARN_OBJC_ROOT_CLASS = YES_ERROR;
				CLANG_WARN__DUPLICATE_METHOD_MATCH = YES;
				"CODE_SIGN_IDENTITY[sdk=iphoneos*]" = "iPhone Developer";
				COPY_PHASE_STRIP = NO;
				GCC_C_LANGUAGE_STANDARD = gnu99;
				GCC_DYNAMIC_NO_PIC = NO;
				GCC_OPTIMIZATION_LEVEL = 0;
				GCC_PREPROCESSOR_DEFINITIONS = (
					"DEBUG=1",
					"$(inherited)",
				);
				GCC_SYMBOLS_PRIVATE_EXTERN = NO;
				GCC_WARN_64_TO_32_BIT_CONVERSION = YES;
				GCC_WARN_ABOUT_RETURN_TYPE = YES_ERROR;
				GCC_WARN_UNDECLARED_SELECTOR = YES;
				GCC_WARN_UNINITIALIZED_AUTOS = YES_AGGRESSIVE;
				GCC_WARN_UNUSED_FUNCTION = YES;
				GCC_WARN_UNUSED_VARIABLE = YES;
				IPHONEOS_DEPLOYMENT_TARGET = 7.1;
				ONLY_ACTIVE_ARCH = YES;
				SDKROOT = iphoneos;
				TARGETED_DEVICE_FAMILY = "1,2";
			};
			name = Debug;
		};
		1470E08019B0E32B00510B4B /* Release */ = {
			isa = XCBuildConfiguration;
			buildSettings = {
				ALWAYS_SEARCH_USER_PATHS = NO;
				CLANG_CXX_LANGUAGE_STANDARD = "gnu++0x";
				CLANG_CXX_LIBRARY = "libc++";
				CLANG_ENABLE_MODULES = YES;
				CLANG_ENABLE_OBJC_ARC = YES;
				CLANG_WARN_BOOL_CONVERSION = YES;
				CLANG_WARN_CONSTANT_CONVERSION = YES;
				CLANG_WARN_DIRECT_OBJC_ISA_USAGE = YES_ERROR;
				CLANG_WARN_EMPTY_BODY = YES;
				CLANG_WARN_ENUM_CONVERSION = YES;
				CLANG_WARN_INT_CONVERSION = YES;
				CLANG_WARN_OBJC_ROOT_CLASS = YES_ERROR;
				CLANG_WARN__DUPLICATE_METHOD_MATCH = YES;
				"CODE_SIGN_IDENTITY[sdk=iphoneos*]" = "iPhone Developer";
				COPY_PHASE_STRIP = YES;
				ENABLE_NS_ASSERTIONS = NO;
				GCC_C_LANGUAGE_STANDARD = gnu99;
				GCC_WARN_64_TO_32_BIT_CONVERSION = YES;
				GCC_WARN_ABOUT_RETURN_TYPE = YES_ERROR;
				GCC_WARN_UNDECLARED_SELECTOR = YES;
				GCC_WARN_UNINITIALIZED_AUTOS = YES_AGGRESSIVE;
				GCC_WARN_UNUSED_FUNCTION = YES;
				GCC_WARN_UNUSED_VARIABLE = YES;
				IPHONEOS_DEPLOYMENT_TARGET = 7.1;
				SDKROOT = iphoneos;
				TARGETED_DEVICE_FAMILY = "1,2";
				VALIDATE_PRODUCT = YES;
			};
			name = Release;
		};
		1470E08219B0E32B00510B4B /* Debug */ = {
			isa = XCBuildConfiguration;
			buildSettings = {
				ASSETCATALOG_COMPILER_APPICON_NAME = AppIcon;
				ASSETCATALOG_COMPILER_LAUNCHIMAGE_NAME = LaunchImage;
				GCC_PRECOMPILE_PREFIX_HEADER = YES;
				GCC_PREFIX_HEADER = "FullScreenStudy/FullScreenStudy-Prefix.pch";
				INFOPLIST_FILE = "FullScreenStudy/FullScreenStudy-Info.plist";
				PRODUCT_NAME = "$(TARGET_NAME)";
				WRAPPER_EXTENSION = app;
			};
			name = Debug;
		};
		1470E08319B0E32B00510B4B /* Release */ = {
			isa = XCBuildConfiguration;
			buildSettings = {
				ASSETCATALOG_COMPILER_APPICON_NAME = AppIcon;
				ASSETCATALOG_COMPILER_LAUNCHIMAGE_NAME = LaunchImage;
				GCC_PRECOMPILE_PREFIX_HEADER = YES;
				GCC_PREFIX_HEADER = "FullScreenStudy/FullScreenStudy-Prefix.pch";
				INFOPLIST_FILE = "FullScreenStudy/FullScreenStudy-Info.plist";
				PRODUCT_NAME = "$(TARGET_NAME)";
				WRAPPER_EXTENSION = app;
			};
			name = Release;
		};
		1470E08519B0E32B00510B4B /* Debug */ = {
			isa = XCBuildConfiguration;
			buildSettings = {
				BUNDLE_LOADER = "$(BUILT_PRODUCTS_DIR)/FullScreenStudy.app/FullScreenStudy";
				FRAMEWORK_SEARCH_PATHS = (
					"$(SDKROOT)/Developer/Library/Frameworks",
					"$(inherited)",
					"$(DEVELOPER_FRAMEWORKS_DIR)",
				);
				GCC_PRECOMPILE_PREFIX_HEADER = YES;
				GCC_PREFIX_HEADER = "FullScreenStudy/FullScreenStudy-Prefix.pch";
				GCC_PREPROCESSOR_DEFINITIONS = (
					"DEBUG=1",
					"$(inherited)",
				);
				INFOPLIST_FILE = "FullScreenStudyTests/FullScreenStudyTests-Info.plist";
				PRODUCT_NAME = "$(TARGET_NAME)";
				TEST_HOST = "$(BUNDLE_LOADER)";
				WRAPPER_EXTENSION = xctest;
			};
			name = Debug;
		};
		1470E08619B0E32B00510B4B /* Release */ = {
			isa = XCBuildConfiguration;
			buildSettings = {
				BUNDLE_LOADER = "$(BUILT_PRODUCTS_DIR)/FullScreenStudy.app/FullScreenStudy";
				FRAMEWORK_SEARCH_PATHS = (
					"$(SDKROOT)/Developer/Library/Frameworks",
					"$(inherited)",
					"$(DEVELOPER_FRAMEWORKS_DIR)",
				);
				GCC_PRECOMPILE_PREFIX_HEADER = YES;
				GCC_PREFIX_HEADER = "FullScreenStudy/FullScreenStudy-Prefix.pch";
				INFOPLIST_FILE = "FullScreenStudyTests/FullScreenStudyTests-Info.plist";
				PRODUCT_NAME = "$(TARGET_NAME)";
				TEST_HOST = "$(BUNDLE_LOADER)";
				WRAPPER_EXTENSION = xctest;
			};
			name = Release;
		};
/* End XCBuildConfiguration section */

/* Begin XCConfigurationList section */
		1470E05019B0E32A00510B4B /* Build configuration list for PBXProject "FullScreenStudy" */ = {
			isa = XCConfigurationList;
			buildConfigurations = (
				1470E07F19B0E32B00510B4B /* Debug */,
				1470E08019B0E32B00510B4B /* Release */,
			);
			defaultConfigurationIsVisible = 0;
			defaultConfigurationName = Release;
		};
		1470E08119B0E32B00510B4B /* Build configuration list for PBXNativeTarget "FullScreenStudy" */ = {
			isa = XCConfigurationList;
			buildConfigurations = (
				1470E08219B0E32B00510B4B /* Debug */,
				1470E08319B0E32B00510B4B /* Release */,
			);
			defaultConfigurationIsVisible = 0;
		};
		1470E08419B0E32B00510B4B /* Build configuration list for PBXNativeTarget "FullScreenStudyTests" */ = {
			isa = XCConfigurationList;
			buildConfigurations = (
				1470E08519B0E32B00510B4B /* Debug */,
				1470E08619B0E32B00510B4B /* Release */,
			);
			defaultConfigurationIsVisible = 0;
		};
/* End XCConfigurationList section */
	};
	rootObject = 1470E04D19B0E32A00510B4B /* Project object */;
}
